// !$*UTF8*$!
{
	archiveVersion = 1;
	classes = {
	};
	objectVersion = 55;
	objects = {

/* Begin PBXBuildFile section */
		38DBA3E0284CFB6F0014556C /* ResponsiveUI2App.swift in Sources */ = {isa = PBXBuildFile; fileRef = 38DBA3DF284CFB6F0014556C /* ResponsiveUI2App.swift */; };
		38DBA3E2284CFB6F0014556C /* ContentView.swift in Sources */ = {isa = PBXBuildFile; fileRef = 38DBA3E1284CFB6F0014556C /* ContentView.swift */; };
		38DBA3E4284CFB700014556C /* Assets.xcassets in Resources */ = {isa = PBXBuildFile; fileRef = 38DBA3E3284CFB700014556C /* Assets.xcassets */; };
		38DBA3E7284CFB700014556C /* Preview Assets.xcassets in Resources */ = {isa = PBXBuildFile; fileRef = 38DBA3E6284CFB700014556C /* Preview Assets.xcassets */; };
		38DBA3F0284CFBA70014556C /* ResponsiveView.swift in Sources */ = {isa = PBXBuildFile; fileRef = 38DBA3EF284CFBA70014556C /* ResponsiveView.swift */; };
		38DBA3F2284CFC1A0014556C /* MainView.swift in Sources */ = {isa = PBXBuildFile; fileRef = 38DBA3F1284CFC1A0014556C /* MainView.swift */; };
		38DBA3F4284D00800014556C /* SideBar.swift in Sources */ = {isa = PBXBuildFile; fileRef = 38DBA3F3284D00800014556C /* SideBar.swift */; };
		38DBA3F6284D00E70014556C /* Tab.swift in Sources */ = {isa = PBXBuildFile; fileRef = 38DBA3F5284D00E70014556C /* Tab.swift */; };
		38DBA3F8284D12BF0014556C /* Dashboard.swift in Sources */ = {isa = PBXBuildFile; fileRef = 38DBA3F7284D12BF0014556C /* Dashboard.swift */; };
		38DBA3FA284D36320014556C /* Storage.swift in Sources */ = {isa = PBXBuildFile; fileRef = 38DBA3F9284D36320014556C /* Storage.swift */; };
		38DBA3FC284E26430014556C /* File.swift in Sources */ = {isa = PBXBuildFile; fileRef = 38DBA3FB284E26430014556C /* File.swift */; };
		38DBA3FE284E324C0014556C /* StorageDetail.swift in Sources */ = {isa = PBXBuildFile; fileRef = 38DBA3FD284E324C0014556C /* StorageDetail.swift */; };
/* End PBXBuildFile section */

/* Begin PBXFileReference section */
		38DBA3DC284CFB6F0014556C /* ResponsiveUI2.app */ = {isa = PBXFileReference; explicitFileType = wrapper.application; includeInIndex = 0; path = ResponsiveUI2.app; sourceTree = BUILT_PRODUCTS_DIR; };
		38DBA3DF284CFB6F0014556C /* ResponsiveUI2App.swift */ = {isa = PBXFileReference; lastKnownFileType = sourcecode.swift; path = ResponsiveUI2App.swift; sourceTree = "<group>"; };
		38DBA3E1284CFB6F0014556C /* ContentView.swift */ = {isa = PBXFileReference; lastKnownFileType = sourcecode.swift; path = ContentView.swift; sourceTree = "<group>"; };
		38DBA3E3284CFB700014556C /* Assets.xcassets */ = {isa = PBXFileReference; lastKnownFileType = folder.assetcatalog; path = Assets.xcassets; sourceTree = "<group>"; };
		38DBA3E6284CFB700014556C /* Preview Assets.xcassets */ = {isa = PBXFileReference; lastKnownFileType = folder.assetcatalog; path = "Preview Assets.xcassets"; sourceTree = "<group>"; };
		38DBA3EF284CFBA70014556C /* ResponsiveView.swift */ = {isa = PBXFileReference; fileEncoding = 4; lastKnownFileType = sourcecode.swift; path = ResponsiveView.swift; sourceTree = "<group>"; };
		38DBA3F1284CFC1A0014556C /* MainView.swift */ = {isa = PBXFileReference; lastKnownFileType = sourcecode.swift; path = MainView.swift; sourceTree = "<group>"; };
		38DBA3F3284D00800014556C /* SideBar.swift */ = {isa = PBXFileReference; lastKnownFileType = sourcecode.swift; path = SideBar.swift; sourceTree = "<group>"; };
		38DBA3F5284D00E70014556C /* Tab.swift */ = {isa = PBXFileReference; lastKnownFileType = sourcecode.swift; path = Tab.swift; sourceTree = "<group>"; };
		38DBA3F7284D12BF0014556C /* Dashboard.swift */ = {isa = PBXFileReference; lastKnownFileType = sourcecode.swift; path = Dashboard.swift; sourceTree = "<group>"; };
		38DBA3F9284D36320014556C /* Storage.swift */ = {isa = PBXFileReference; lastKnownFileType = sourcecode.swift; path = Storage.swift; sourceTree = "<group>"; };
		38DBA3FB284E26430014556C /* File.swift */ = {isa = PBXFileReference; lastKnownFileType = sourcecode.swift; path = File.swift; sourceTree = "<group>"; };
		38DBA3FD284E324C0014556C /* StorageDetail.swift */ = {isa = PBXFileReference; lastKnownFileType = sourcecode.swift; path = StorageDetail.swift; sourceTree = "<group>"; };
/* End PBXFileReference section */

/* Begin PBXFrameworksBuildPhase section */
		38DBA3D9284CFB6F0014556C /* Frameworks */ = {
			isa = PBXFrameworksBuildPhase;
			buildActionMask = 2147483647;
			files = (
			);
			runOnlyForDeploymentPostprocessing = 0;
		};
/* End PBXFrameworksBuildPhase section */

/* Begin PBXGroup section */
		38DBA3D3284CFB6F0014556C = {
			isa = PBXGroup;
			children = (
				38DBA3DE284CFB6F0014556C /* ResponsiveUI2 */,
				38DBA3DD284CFB6F0014556C /* Products */,
			);
			sourceTree = "<group>";
		};
		38DBA3DD284CFB6F0014556C /* Products */ = {
			isa = PBXGroup;
			children = (
				38DBA3DC284CFB6F0014556C /* ResponsiveUI2.app */,
			);
			name = Products;
			sourceTree = "<group>";
		};
		38DBA3DE284CFB6F0014556C /* ResponsiveUI2 */ = {
			isa = PBXGroup;
			children = (
				38DBA3EE284CFB8B0014556C /* Model */,
				38DBA3ED284CFB850014556C /* View */,
				38DBA3DF284CFB6F0014556C /* ResponsiveUI2App.swift */,
				38DBA3E1284CFB6F0014556C /* ContentView.swift */,
				38DBA3E3284CFB700014556C /* Assets.xcassets */,
				38DBA3E5284CFB700014556C /* Preview Content */,
			);
			path = ResponsiveUI2;
			sourceTree = "<group>";
		};
		38DBA3E5284CFB700014556C /* Preview Content */ = {
			isa = PBXGroup;
			children = (
				38DBA3E6284CFB700014556C /* Preview Assets.xcassets */,
			);
			path = "Preview Content";
			sourceTree = "<group>";
		};
		38DBA3ED284CFB850014556C /* View */ = {
			isa = PBXGroup;
			children = (
				38DBA3EF284CFBA70014556C /* ResponsiveView.swift */,
				38DBA3F1284CFC1A0014556C /* MainView.swift */,
				38DBA3F3284D00800014556C /* SideBar.swift */,
				38DBA3F7284D12BF0014556C /* Dashboard.swift */,
			);
			path = View;
			sourceTree = "<group>";
		};
		38DBA3EE284CFB8B0014556C /* Model */ = {
			isa = PBXGroup;
			children = (
				38DBA3F5284D00E70014556C /* Tab.swift */,
				38DBA3F9284D36320014556C /* Storage.swift */,
				38DBA3FB284E26430014556C /* File.swift */,
				38DBA3FD284E324C0014556C /* StorageDetail.swift */,
			);
			path = Model;
			sourceTree = "<group>";
		};
/* End PBXGroup section */

/* Begin PBXNativeTarget section */
		38DBA3DB284CFB6F0014556C /* ResponsiveUI2 */ = {
			isa = PBXNativeTarget;
			buildConfigurationList = 38DBA3EA284CFB700014556C /* Build configuration list for PBXNativeTarget "ResponsiveUI2" */;
			buildPhases = (
				38DBA3D8284CFB6F0014556C /* Sources */,
				38DBA3D9284CFB6F0014556C /* Frameworks */,
				38DBA3DA284CFB6F0014556C /* Resources */,
			);
			buildRules = (
			);
			dependencies = (
			);
			name = ResponsiveUI2;
			productName = ResponsiveUI2;
			productReference = 38DBA3DC284CFB6F0014556C /* ResponsiveUI2.app */;
			productType = "com.apple.product-type.application";
		};
/* End PBXNativeTarget section */

/* Begin PBXProject section */
		38DBA3D4284CFB6F0014556C /* Project object */ = {
			isa = PBXProject;
			attributes = {
				BuildIndependentTargetsInParallel = 1;
				LastSwiftUpdateCheck = 1310;
				LastUpgradeCheck = 1310;
				TargetAttributes = {
					38DBA3DB284CFB6F0014556C = {
						CreatedOnToolsVersion = 13.1;
					};
				};
			};
			buildConfigurationList = 38DBA3D7284CFB6F0014556C /* Build configuration list for PBXProject "ResponsiveUI2" */;
			compatibilityVersion = "Xcode 13.0";
			developmentRegion = en;
			hasScannedForEncodings = 0;
			knownRegions = (
				en,
				Base,
			);
			mainGroup = 38DBA3D3284CFB6F0014556C;
			productRefGroup = 38DBA3DD284CFB6F0014556C /* Products */;
			projectDirPath = "";
			projectRoot = "";
			targets = (
				38DBA3DB284CFB6F0014556C /* ResponsiveUI2 */,
			);
		};
/* End PBXProject section */

/* Begin PBXResourcesBuildPhase section */
		38DBA3DA284CFB6F0014556C /* Resources */ = {
			isa = PBXResourcesBuildPhase;
			buildActionMask = 2147483647;
			files = (
				38DBA3E7284CFB700014556C /* Preview Assets.xcassets in Resources */,
				38DBA3E4284CFB700014556C /* Assets.xcassets in Resources */,
			);
			runOnlyForDeploymentPostprocessing = 0;
		};
/* End PBXResourcesBuildPhase section */

/* Begin PBXSourcesBuildPhase section */
		38DBA3D8284CFB6F0014556C /* Sources */ = {
			isa = PBXSourcesBuildPhase;
			buildActionMask = 2147483647;
			files = (
				38DBA3FE284E324C0014556C /* StorageDetail.swift in Sources */,
				38DBA3F4284D00800014556C /* SideBar.swift in Sources */,
				38DBA3E2284CFB6F0014556C /* ContentView.swift in Sources */,
				38DBA3F2284CFC1A0014556C /* MainView.swift in Sources */,
				38DBA3F6284D00E70014556C /* Tab.swift in Sources */,
				38DBA3E0284CFB6F0014556C /* ResponsiveUI2App.swift in Sources */,
				38DBA3FA284D36320014556C /* Storage.swift in Sources */,
				38DBA3F8284D12BF0014556C /* Dashboard.swift in Sources */,
				38DBA3FC284E26430014556C /* File.swift in Sources */,
				38DBA3F0284CFBA70014556C /* ResponsiveView.swift in Sources */,
			);
			runOnlyForDeploymentPostprocessing = 0;
		};
/* End PBXSourcesBuildPhase section */

/* Begin XCBuildConfiguration section */
		38DBA3E8284CFB700014556C /* Debug */ = {
			isa = XCBuildConfiguration;
			buildSettings = {
				ALWAYS_SEARCH_USER_PATHS = NO;
				CLANG_ANALYZER_NONNULL = YES;
				CLANG_ANALYZER_NUMBER_OBJECT_CONVERSION = YES_AGGRESSIVE;
				CLANG_CXX_LANGUAGE_STANDARD = "gnu++17";
				CLANG_CXX_LIBRARY = "libc++";
				CLANG_ENABLE_MODULES = YES;
				CLANG_ENABLE_OBJC_ARC = YES;
				CLANG_ENABLE_OBJC_WEAK = YES;
				CLANG_WARN_BLOCK_CAPTURE_AUTORELEASING = YES;
				CLANG_WARN_BOOL_CONVERSION = YES;
				CLANG_WARN_COMMA = YES;
				CLANG_WARN_CONSTANT_CONVERSION = YES;
				CLANG_WARN_DEPRECATED_OBJC_IMPLEMENTATIONS = YES;
				CLANG_WARN_DIRECT_OBJC_ISA_USAGE = YES_ERROR;
				CLANG_WARN_DOCUMENTATION_COMMENTS = YES;
				CLANG_WARN_EMPTY_BODY = YES;
				CLANG_WARN_ENUM_CONVERSION = YES;
				CLANG_WARN_INFINITE_RECURSION = YES;
				CLANG_WARN_INT_CONVERSION = YES;
				CLANG_WARN_NON_LITERAL_NULL_CONVERSION = YES;
				CLANG_WARN_OBJC_IMPLICIT_RETAIN_SELF = YES;
				CLANG_WARN_OBJC_LITERAL_CONVERSION = YES;
				CLANG_WARN_OBJC_ROOT_CLASS = YES_ERROR;
				CLANG_WARN_QUOTED_INCLUDE_IN_FRAMEWORK_HEADER = YES;
				CLANG_WARN_RANGE_LOOP_ANALYSIS = YES;
				CLANG_WARN_STRICT_PROTOTYPES = YES;
				CLANG_WARN_SUSPICIOUS_MOVE = YES;
				CLANG_WARN_UNGUARDED_AVAILABILITY = YES_AGGRESSIVE;
				CLANG_WARN_UNREACHABLE_CODE = YES;
				CLANG_WARN__DUPLICATE_METHOD_MATCH = YES;
				COPY_PHASE_STRIP = NO;
				DEBUG_INFORMATION_FORMAT = dwarf;
				ENABLE_STRICT_OBJC_MSGSEND = YES;
				ENABLE_TESTABILITY = YES;
				GCC_C_LANGUAGE_STANDARD = gnu11;
				GCC_DYNAMIC_NO_PIC = NO;
				GCC_NO_COMMON_BLOCKS = YES;
				GCC_OPTIMIZATION_LEVEL = 0;
				GCC_PREPROCESSOR_DEFINITIONS = (
					"DEBUG=1",
					"$(inherited)",
				);
				GCC_WARN_64_TO_32_BIT_CONVERSION = YES;
				GCC_WARN_ABOUT_RETURN_TYPE = YES_ERROR;
				GCC_WARN_UNDECLARED_SELECTOR = YES;
				GCC_WARN_UNINITIALIZED_AUTOS = YES_AGGRESSIVE;
				GCC_WARN_UNUSED_FUNCTION = YES;
				GCC_WARN_UNUSED_VARIABLE = YES;
				IPHONEOS_DEPLOYMENT_TARGET = 15.0;
				MTL_ENABLE_DEBUG_INFO = INCLUDE_SOURCE;
				MTL_FAST_MATH = YES;
				ONLY_ACTIVE_ARCH = YES;
				SDKROOT = iphoneos;
				SWIFT_ACTIVE_COMPILATION_CONDITIONS = DEBUG;
				SWIFT_OPTIMIZATION_LEVEL = "-Onone";
			};
			name = Debug;
		};
		38DBA3E9284CFB700014556C /* Release */ = {
			isa = XCBuildConfiguration;
			buildSettings = {
				ALWAYS_SEARCH_USER_PATHS = NO;
				CLANG_ANALYZER_NONNULL = YES;
				CLANG_ANALYZER_NUMBER_OBJECT_CONVERSION = YES_AGGRESSIVE;
				CLANG_CXX_LANGUAGE_STANDARD = "gnu++17";
				CLANG_CXX_LIBRARY = "libc++";
				CLANG_ENABLE_MODULES = YES;
				CLANG_ENABLE_OBJC_ARC = YES;
				CLANG_ENABLE_OBJC_WEAK = YES;
				CLANG_WARN_BLOCK_CAPTURE_AUTORELEASING = YES;
				CLANG_WARN_BOOL_CONVERSION = YES;
				CLANG_WARN_COMMA = YES;
				CLANG_WARN_CONSTANT_CONVERSION = YES;
				CLANG_WARN_DEPRECATED_OBJC_IMPLEMENTATIONS = YES;
				CLANG_WARN_DIRECT_OBJC_ISA_USAGE = YES_ERROR;
				CLANG_WARN_DOCUMENTATION_COMMENTS = YES;
				CLANG_WARN_EMPTY_BODY = YES;
				CLANG_WARN_ENUM_CONVERSION = YES;
				CLANG_WARN_INFINITE_RECURSION = YES;
				CLANG_WARN_INT_CONVERSION = YES;
				CLANG_WARN_NON_LITERAL_NULL_CONVERSION = YES;
				CLANG_WARN_OBJC_IMPLICIT_RETAIN_SELF = YES;
				CLANG_WARN_OBJC_LITERAL_CONVERSION = YES;
				CLANG_WARN_OBJC_ROOT_CLASS = YES_ERROR;
				CLANG_WARN_QUOTED_INCLUDE_IN_FRAMEWORK_HEADER = YES;
				CLANG_WARN_RANGE_LOOP_ANALYSIS = YES;
				CLANG_WARN_STRICT_PROTOTYPES = YES;
				CLANG_WARN_SUSPICIOUS_MOVE = YES;
				CLANG_WARN_UNGUARDED_AVAILABILITY = YES_AGGRESSIVE;
				CLANG_WARN_UNREACHABLE_CODE = YES;
				CLANG_WARN__DUPLICATE_METHOD_MATCH = YES;
				COPY_PHASE_STRIP = NO;
				DEBUG_INFORMATION_FORMAT = "dwarf-with-dsym";
				ENABLE_NS_ASSERTIONS = NO;
				ENABLE_STRICT_OBJC_MSGSEND = YES;
				GCC_C_LANGUAGE_STANDARD = gnu11;
				GCC_NO_COMMON_BLOCKS = YES;
				GCC_WARN_64_TO_32_BIT_CONVERSION = YES;
				GCC_WARN_ABOUT_RETURN_TYPE = YES_ERROR;
				GCC_WARN_UNDECLARED_SELECTOR = YES;
				GCC_WARN_UNINITIALIZED_AUTOS = YES_AGGRESSIVE;
				GCC_WARN_UNUSED_FUNCTION = YES;
				GCC_WARN_UNUSED_VARIABLE = YES;
				IPHONEOS_DEPLOYMENT_TARGET = 15.0;
				MTL_ENABLE_DEBUG_INFO = NO;
				MTL_FAST_MATH = YES;
				SDKROOT = iphoneos;
				SWIFT_COMPILATION_MODE = wholemodule;
				SWIFT_OPTIMIZATION_LEVEL = "-O";
				VALIDATE_PRODUCT = YES;
			};
			name = Release;
		};
		38DBA3EB284CFB700014556C /* Debug */ = {
			isa = XCBuildConfiguration;
			buildSettings = {
				ASSETCATALOG_COMPILER_APPICON_NAME = AppIcon;
				ASSETCATALOG_COMPILER_GLOBAL_ACCENT_COLOR_NAME = AccentColor;
				CODE_SIGN_STYLE = Automatic;
				CURRENT_PROJECT_VERSION = 1;
				DEVELOPMENT_ASSET_PATHS = "\"ResponsiveUI2/Preview Content\"";
				ENABLE_PREVIEWS = YES;
				GENERATE_INFOPLIST_FILE = YES;
				INFOPLIST_KEY_UIApplicationSceneManifest_Generation = YES;
				INFOPLIST_KEY_UIApplicationSupportsIndirectInputEvents = YES;
				INFOPLIST_KEY_UILaunchScreen_Generation = YES;
				INFOPLIST_KEY_UISupportedInterfaceOrientations_iPad = "UIInterfaceOrientationPortrait UIInterfaceOrientationPortraitUpsideDown UIInterfaceOrientationLandscapeLeft UIInterfaceOrientationLandscapeRight";
				INFOPLIST_KEY_UISupportedInterfaceOrientations_iPhone = "UIInterfaceOrientationPortrait UIInterfaceOrientationLandscapeLeft UIInterfaceOrientationLandscapeRight";
				LD_RUNPATH_SEARCH_PATHS = (
					"$(inherited)",
					"@executable_path/Frameworks",
				);
				MARKETING_VERSION = 1.0;
				PRODUCT_BUNDLE_IDENTIFIER = com.sopnilsohan.ResponsiveUI2;
				PRODUCT_NAME = "$(TARGET_NAME)";
				SWIFT_EMIT_LOC_STRINGS = YES;
				SWIFT_VERSION = 5.0;
				TARGETED_DEVICE_FAMILY = "1,2";
			};
			name = Debug;
		};
		38DBA3EC284CFB700014556C /* Release */ = {
			isa = XCBuildConfiguration;
			buildSettings = {
				ASSETCATALOG_COMPILER_APPICON_NAME = AppIcon;
				ASSETCATALOG_COMPILER_GLOBAL_ACCENT_COLOR_NAME = AccentColor;
				CODE_SIGN_STYLE = Automatic;
				CURRENT_PROJECT_VERSION = 1;
				DEVELOPMENT_ASSET_PATHS = "\"ResponsiveUI2/Preview Content\"";
				ENABLE_PREVIEWS = YES;
				GENERATE_INFOPLIST_FILE = YES;
				INFOPLIST_KEY_UIApplicationSceneManifest_Generation = YES;
				INFOPLIST_KEY_UIApplicationSupportsIndirectInputEvents = YES;
				INFOPLIST_KEY_UILaunchScreen_Generation = YES;
				INFOPLIST_KEY_UISupportedInterfaceOrientations_iPad = "UIInterfaceOrientationPortrait UIInterfaceOrientationPortraitUpsideDown UIInterfaceOrientationLandscapeLeft UIInterfaceOrientationLandscapeRight";
				INFOPLIST_KEY_UISupportedInterfaceOrientations_iPhone = "UIInterfaceOrientationPortrait UIInterfaceOrientationLandscapeLeft UIInterfaceOrientationLandscapeRight";
				LD_RUNPATH_SEARCH_PATHS = (
					"$(inherited)",
					"@executable_path/Frameworks",
				);
				MARKETING_VERSION = 1.0;
				PRODUCT_BUNDLE_IDENTIFIER = com.sopnilsohan.ResponsiveUI2;
				PRODUCT_NAME = "$(TARGET_NAME)";
				SWIFT_EMIT_LOC_STRINGS = YES;
				SWIFT_VERSION = 5.0;
				TARGETED_DEVICE_FAMILY = "1,2";
			};
			name = Release;
		};
/* End XCBuildConfiguration section */

/* Begin XCConfigurationList section */
		38DBA3D7284CFB6F0014556C /* Build configuration list for PBXProject "ResponsiveUI2" */ = {
			isa = XCConfigurationList;
			buildConfigurations = (
				38DBA3E8284CFB700014556C /* Debug */,
				38DBA3E9284CFB700014556C /* Release */,
			);
			defaultConfigurationIsVisible = 0;
			defaultConfigurationName = Release;
		};
		38DBA3EA284CFB700014556C /* Build configuration list for PBXNativeTarget "ResponsiveUI2" */ = {
			isa = XCConfigurationList;
			buildConfigurations = (
				38DBA3EB284CFB700014556C /* Debug */,
				38DBA3EC284CFB700014556C /* Release */,
			);
			defaultConfigurationIsVisible = 0;
			defaultConfigurationName = Release;
		};
/* End XCConfigurationList section */
	};
	rootObject = 38DBA3D4284CFB6F0014556C /* Project object */;
}
